
Microsoft Visual Studio Solution File, Format Version 12.00
# Visual Studio Version 17
VisualStudioVersion = 17.5.33516.290
MinimumVisualStudioVersion = 10.0.40219.1
Project("{FAE04EC0-301F-11D3-BF4B-00C04F79EFBC}") = "_Sigleton_Tasarım_Deseni", "_Sigleton_Tasarım_Deseni\_Sigleton_Tasarım_Deseni.csproj", "{CC96002F-80BD-42F3-9C81-7457D23DDD28}"
EndProject
Global
	GlobalSection(SolutionConfigurationPlatforms) = preSolution
		Debug|Any CPU = Debug|Any CPU
		Release|Any CPU = Release|Any CPU
	EndGlobalSection
	GlobalSection(ProjectConfigurationPlatforms) = postSolution
		{CC96002F-80BD-42F3-9C81-7457D23DDD28}.Debug|Any CPU.ActiveCfg = Debug|Any CPU
		{CC96002F-80BD-42F3-9C81-7457D23DDD28}.Debug|Any CPU.Build.0 = Debug|Any CPU
		{CC96002F-80BD-42F3-9C81-7457D23DDD28}.Release|Any CPU.ActiveCfg = Release|Any CPU
		{CC96002F-80BD-42F3-9C81-7457D23DDD28}.Release|Any CPU.Build.0 = Release|Any CPU
	EndGlobalSection
	GlobalSection(SolutionProperties) = preSolution
		HideSolutionNode = FALSE
	EndGlobalSection
	GlobalSection(ExtensibilityGlobals) = postSolution
		SolutionGuid = {9A7BCABF-6622-4B10-93B8-DDFB1FC3B1FC}
	EndGlobalSection
EndGlobal
